
Microsoft Visual Studio Solution File, Format Version 12.00
# Visual Studio Version 16
VisualStudioVersion = 16.0.30804.86
MinimumVisualStudioVersion = 10.0.40219.1
Project("{9A19103F-16F7-4668-BE54-9A1E7A4F7556}") = "Xamarin.Forms.Sandbox", "Xamarin.Forms.Sandbox\Xamarin.Forms.Sandbox.csproj", "{BAFCA007-6D9D-49ED-AC3D-175A960219C6}"
EndProject
Project("{FAE04EC0-301F-11D3-BF4B-00C04F79EFBC}") = "Xamarin.Forms.Sandbox.Android", "Xamarin.Forms.Sandbox.Android\Xamarin.Forms.Sandbox.Android.csproj", "{FDBEC08E-9452-4167-BE3B-30653190DE1E}"
EndProject
Project("{FAE04EC0-301F-11D3-BF4B-00C04F79EFBC}") = "Xamarin.Forms.Sandbox.iOS", "Xamarin.Forms.Sandbox.iOS\Xamarin.Forms.Sandbox.iOS.csproj", "{160053B8-745A-41DB-9B33-30479729D6DC}"
EndProject
Project("{FAE04EC0-301F-11D3-BF4B-00C04F79EFBC}") = "Xamarin.Forms.Sandbox.UWP", "Xamarin.Forms.Sandbox.UWP\Xamarin.Forms.Sandbox.UWP.csproj", "{868A9B7B-3977-4B56-91F7-F6B75657198B}"
EndProject
Project("{FAE04EC0-301F-11D3-BF4B-00C04F79EFBC}") = "Xamarin.Forms.Sandbox.WPF", "Xamarin.Forms.Sandbox.WPF\Xamarin.Forms.Sandbox.WPF.csproj", "{8C5D9AAB-B9D6-40CD-BAD4-15E4039149E5}"
EndProject
Project("{2150E333-8FDC-42A3-9474-1A3956D46DE8}") = "Solution Items", "Solution Items", "{8ED024DF-0CA4-4B3F-8A18-5C7AFF69027F}"
	ProjectSection(SolutionItems) = preProject
		Directory.Build.props = Directory.Build.props
	EndProjectSection
EndProject
Global
	GlobalSection(SolutionConfigurationPlatforms) = preSolution
		Ad-Hoc|Any CPU = Ad-Hoc|Any CPU
		Ad-Hoc|ARM = Ad-Hoc|ARM
		Ad-Hoc|iPhone = Ad-Hoc|iPhone
		Ad-Hoc|iPhoneSimulator = Ad-Hoc|iPhoneSimulator
		Ad-Hoc|x64 = Ad-Hoc|x64
		Ad-Hoc|x86 = Ad-Hoc|x86
		AppStore|Any CPU = AppStore|Any CPU
		AppStore|ARM = AppStore|ARM
		AppStore|iPhone = AppStore|iPhone
		AppStore|iPhoneSimulator = AppStore|iPhoneSimulator
		AppStore|x64 = AppStore|x64
		AppStore|x86 = AppStore|x86
		Debug|Any CPU = Debug|Any CPU
		Debug|ARM = Debug|ARM
		Debug|iPhone = Debug|iPhone
		Debug|iPhoneSimulator = Debug|iPhoneSimulator
		Debug|x64 = Debug|x64
		Debug|x86 = Debug|x86
		Release|Any CPU = Release|Any CPU
		Release|ARM = Release|ARM
		Release|iPhone = Release|iPhone
		Release|iPhoneSimulator = Release|iPhoneSimulator
		Release|x64 = Release|x64
		Release|x86 = Release|x86
	EndGlobalSection
	GlobalSection(ProjectConfigurationPlatforms) = postSolution
		{BAFCA007-6D9D-49ED-AC3D-175A960219C6}.Ad-Hoc|Any CPU.ActiveCfg = Debug|Any CPU
		{BAFCA007-6D9D-49ED-AC3D-175A960219C6}.Ad-Hoc|Any CPU.Build.0 = Debug|Any CPU
		{BAFCA007-6D9D-49ED-AC3D-175A960219C6}.Ad-Hoc|ARM.ActiveCfg = Debug|Any CPU
		{BAFCA007-6D9D-49ED-AC3D-175A960219C6}.Ad-Hoc|ARM.Build.0 = Debug|Any CPU
		{BAFCA007-6D9D-49ED-AC3D-175A960219C6}.Ad-Hoc|iPhone.ActiveCfg = Debug|Any CPU
		{BAFCA007-6D9D-49ED-AC3D-175A960219C6}.Ad-Hoc|iPhone.Build.0 = Debug|Any CPU
		{BAFCA007-6D9D-49ED-AC3D-175A960219C6}.Ad-Hoc|iPhoneSimulator.ActiveCfg = Debug|Any CPU
		{BAFCA007-6D9D-49ED-AC3D-175A960219C6}.Ad-Hoc|iPhoneSimulator.Build.0 = Debug|Any CPU
		{BAFCA007-6D9D-49ED-AC3D-175A960219C6}.Ad-Hoc|x64.ActiveCfg = Debug|Any CPU
		{BAFCA007-6D9D-49ED-AC3D-175A960219C6}.Ad-Hoc|x64.Build.0 = Debug|Any CPU
		{BAFCA007-6D9D-49ED-AC3D-175A960219C6}.Ad-Hoc|x86.ActiveCfg = Debug|Any CPU
		{BAFCA007-6D9D-49ED-AC3D-175A960219C6}.Ad-Hoc|x86.Build.0 = Debug|Any CPU
		{BAFCA007-6D9D-49ED-AC3D-175A960219C6}.AppStore|Any CPU.ActiveCfg = Debug|Any CPU
		{BAFCA007-6D9D-49ED-AC3D-175A960219C6}.AppStore|Any CPU.Build.0 = Debug|Any CPU
		{BAFCA007-6D9D-49ED-AC3D-175A960219C6}.AppStore|ARM.ActiveCfg = Debug|Any CPU
		{BAFCA007-6D9D-49ED-AC3D-175A960219C6}.AppStore|ARM.Build.0 = Debug|Any CPU
		{BAFCA007-6D9D-49ED-AC3D-175A960219C6}.AppStore|iPhone.ActiveCfg = Debug|Any CPU
		{BAFCA007-6D9D-49ED-AC3D-175A960219C6}.AppStore|iPhone.Build.0 = Debug|Any CPU
		{BAFCA007-6D9D-49ED-AC3D-175A960219C6}.AppStore|iPhoneSimulator.ActiveCfg = Debug|Any CPU
		{BAFCA007-6D9D-49ED-AC3D-175A960219C6}.AppStore|iPhoneSimulator.Build.0 = Debug|Any CPU
		{BAFCA007-6D9D-49ED-AC3D-175A960219C6}.AppStore|x64.ActiveCfg = Debug|Any CPU
		{BAFCA007-6D9D-49ED-AC3D-175A960219C6}.AppStore|x64.Build.0 = Debug|Any CPU
		{BAFCA007-6D9D-49ED-AC3D-175A960219C6}.AppStore|x86.ActiveCfg = Debug|Any CPU
		{BAFCA007-6D9D-49ED-AC3D-175A960219C6}.AppStore|x86.Build.0 = Debug|Any CPU
		{BAFCA007-6D9D-49ED-AC3D-175A960219C6}.Debug|Any CPU.ActiveCfg = Debug|Any CPU
		{BAFCA007-6D9D-49ED-AC3D-175A960219C6}.Debug|Any CPU.Build.0 = Debug|Any CPU
		{BAFCA007-6D9D-49ED-AC3D-175A960219C6}.Debug|ARM.ActiveCfg = Debug|Any CPU
		{BAFCA007-6D9D-49ED-AC3D-175A960219C6}.Debug|ARM.Build.0 = Debug|Any CPU
		{BAFCA007-6D9D-49ED-AC3D-175A960219C6}.Debug|iPhone.ActiveCfg = Debug|Any CPU
		{BAFCA007-6D9D-49ED-AC3D-175A960219C6}.Debug|iPhone.Build.0 = Debug|Any CPU
		{BAFCA007-6D9D-49ED-AC3D-175A960219C6}.Debug|iPhoneSimulator.ActiveCfg = Debug|Any CPU
		{BAFCA007-6D9D-49ED-AC3D-175A960219C6}.Debug|iPhoneSimulator.Build.0 = Debug|Any CPU
		{BAFCA007-6D9D-49ED-AC3D-175A960219C6}.Debug|x64.ActiveCfg = Debug|Any CPU
		{BAFCA007-6D9D-49ED-AC3D-175A960219C6}.Debug|x64.Build.0 = Debug|Any CPU
		{BAFCA007-6D9D-49ED-AC3D-175A960219C6}.Debug|x86.ActiveCfg = Debug|Any CPU
		{BAFCA007-6D9D-49ED-AC3D-175A960219C6}.Debug|x86.Build.0 = Debug|Any CPU
		{BAFCA007-6D9D-49ED-AC3D-175A960219C6}.Release|Any CPU.ActiveCfg = Release|Any CPU
		{BAFCA007-6D9D-49ED-AC3D-175A960219C6}.Release|Any CPU.Build.0 = Release|Any CPU
		{BAFCA007-6D9D-49ED-AC3D-175A960219C6}.Release|ARM.ActiveCfg = Release|Any CPU
		{BAFCA007-6D9D-49ED-AC3D-175A960219C6}.Release|ARM.Build.0 = Release|Any CPU
		{BAFCA007-6D9D-49ED-AC3D-175A960219C6}.Release|iPhone.ActiveCfg = Release|Any CPU
		{BAFCA007-6D9D-49ED-AC3D-175A960219C6}.Release|iPhone.Build.0 = Release|Any CPU
		{BAFCA007-6D9D-49ED-AC3D-175A960219C6}.Release|iPhoneSimulator.ActiveCfg = Release|Any CPU
		{BAFCA007-6D9D-49ED-AC3D-175A960219C6}.Release|iPhoneSimulator.Build.0 = Release|Any CPU
		{BAFCA007-6D9D-49ED-AC3D-175A960219C6}.Release|x64.ActiveCfg = Release|Any CPU
		{BAFCA007-6D9D-49ED-AC3D-175A960219C6}.Release|x64.Build.0 = Release|Any CPU
		{BAFCA007-6D9D-49ED-AC3D-175A960219C6}.Release|x86.ActiveCfg = Release|Any CPU
		{BAFCA007-6D9D-49ED-AC3D-175A960219C6}.Release|x86.Build.0 = Release|Any CPU
		{FDBEC08E-9452-4167-BE3B-30653190DE1E}.Ad-Hoc|Any CPU.ActiveCfg = Debug|Any CPU
		{FDBEC08E-9452-4167-BE3B-30653190DE1E}.Ad-Hoc|Any CPU.Build.0 = Debug|Any CPU
		{FDBEC08E-9452-4167-BE3B-30653190DE1E}.Ad-Hoc|Any CPU.Deploy.0 = Debug|Any CPU
		{FDBEC08E-9452-4167-BE3B-30653190DE1E}.Ad-Hoc|ARM.ActiveCfg = Debug|Any CPU
		{FDBEC08E-9452-4167-BE3B-30653190DE1E}.Ad-Hoc|ARM.Build.0 = Debug|Any CPU
		{FDBEC08E-9452-4167-BE3B-30653190DE1E}.Ad-Hoc|ARM.Deploy.0 = Debug|Any CPU
		{FDBEC08E-9452-4167-BE3B-30653190DE1E}.Ad-Hoc|iPhone.ActiveCfg = Debug|Any CPU
		{FDBEC08E-9452-4167-BE3B-30653190DE1E}.Ad-Hoc|iPhone.Build.0 = Debug|Any CPU
		{FDBEC08E-9452-4167-BE3B-30653190DE1E}.Ad-Hoc|iPhone.Deploy.0 = Debug|Any CPU
		{FDBEC08E-9452-4167-BE3B-30653190DE1E}.Ad-Hoc|iPhoneSimulator.ActiveCfg = Debug|Any CPU
		{FDBEC08E-9452-4167-BE3B-30653190DE1E}.Ad-Hoc|iPhoneSimulator.Build.0 = Debug|Any CPU
		{FDBEC08E-9452-4167-BE3B-30653190DE1E}.Ad-Hoc|iPhoneSimulator.Deploy.0 = Debug|Any CPU
		{FDBEC08E-9452-4167-BE3B-30653190DE1E}.Ad-Hoc|x64.ActiveCfg = Debug|Any CPU
		{FDBEC08E-9452-4167-BE3B-30653190DE1E}.Ad-Hoc|x64.Build.0 = Debug|Any CPU
		{FDBEC08E-9452-4167-BE3B-30653190DE1E}.Ad-Hoc|x64.Deploy.0 = Debug|Any CPU
		{FDBEC08E-9452-4167-BE3B-30653190DE1E}.Ad-Hoc|x86.ActiveCfg = Debug|Any CPU
		{FDBEC08E-9452-4167-BE3B-30653190DE1E}.Ad-Hoc|x86.Build.0 = Debug|Any CPU
		{FDBEC08E-9452-4167-BE3B-30653190DE1E}.Ad-Hoc|x86.Deploy.0 = Debug|Any CPU
		{FDBEC08E-9452-4167-BE3B-30653190DE1E}.AppStore|Any CPU.ActiveCfg = Debug|Any CPU
		{FDBEC08E-9452-4167-BE3B-30653190DE1E}.AppStore|Any CPU.Build.0 = Debug|Any CPU
		{FDBEC08E-9452-4167-BE3B-30653190DE1E}.AppStore|Any CPU.Deploy.0 = Debug|Any CPU
		{FDBEC08E-9452-4167-BE3B-30653190DE1E}.AppStore|ARM.ActiveCfg = Debug|Any CPU
		{FDBEC08E-9452-4167-BE3B-30653190DE1E}.AppStore|ARM.Build.0 = Debug|Any CPU
		{FDBEC08E-9452-4167-BE3B-30653190DE1E}.AppStore|ARM.Deploy.0 = Debug|Any CPU
		{FDBEC08E-9452-4167-BE3B-30653190DE1E}.AppStore|iPhone.ActiveCfg = Debug|Any CPU
		{FDBEC08E-9452-4167-BE3B-30653190DE1E}.AppStore|iPhone.Build.0 = Debug|Any CPU
		{FDBEC08E-9452-4167-BE3B-30653190DE1E}.AppStore|iPhone.Deploy.0 = Debug|Any CPU
		{FDBEC08E-9452-4167-BE3B-30653190DE1E}.AppStore|iPhoneSimulator.ActiveCfg = Debug|Any CPU
		{FDBEC08E-9452-4167-BE3B-30653190DE1E}.AppStore|iPhoneSimulator.Build.0 = Debug|Any CPU
		{FDBEC08E-9452-4167-BE3B-30653190DE1E}.AppStore|iPhoneSimulator.Deploy.0 = Debug|Any CPU
		{FDBEC08E-9452-4167-BE3B-30653190DE1E}.AppStore|x64.ActiveCfg = Debug|Any CPU
		{FDBEC08E-9452-4167-BE3B-30653190DE1E}.AppStore|x64.Build.0 = Debug|Any CPU
		{FDBEC08E-9452-4167-BE3B-30653190DE1E}.AppStore|x64.Deploy.0 = Debug|Any CPU
		{FDBEC08E-9452-4167-BE3B-30653190DE1E}.AppStore|x86.ActiveCfg = Debug|Any CPU
		{FDBEC08E-9452-4167-BE3B-30653190DE1E}.AppStore|x86.Build.0 = Debug|Any CPU
		{FDBEC08E-9452-4167-BE3B-30653190DE1E}.AppStore|x86.Deploy.0 = Debug|Any CPU
		{FDBEC08E-9452-4167-BE3B-30653190DE1E}.Debug|Any CPU.ActiveCfg = Debug|Any CPU
		{FDBEC08E-9452-4167-BE3B-30653190DE1E}.Debug|Any CPU.Build.0 = Debug|Any CPU
		{FDBEC08E-9452-4167-BE3B-30653190DE1E}.Debug|Any CPU.Deploy.0 = Debug|Any CPU
		{FDBEC08E-9452-4167-BE3B-30653190DE1E}.Debug|ARM.ActiveCfg = Debug|Any CPU
		{FDBEC08E-9452-4167-BE3B-30653190DE1E}.Debug|ARM.Build.0 = Debug|Any CPU
		{FDBEC08E-9452-4167-BE3B-30653190DE1E}.Debug|ARM.Deploy.0 = Debug|Any CPU
		{FDBEC08E-9452-4167-BE3B-30653190DE1E}.Debug|iPhone.ActiveCfg = Debug|Any CPU
		{FDBEC08E-9452-4167-BE3B-30653190DE1E}.Debug|iPhone.Build.0 = Debug|Any CPU
		{FDBEC08E-9452-4167-BE3B-30653190DE1E}.Debug|iPhoneSimulator.ActiveCfg = Debug|Any CPU
		{FDBEC08E-9452-4167-BE3B-30653190DE1E}.Debug|iPhoneSimulator.Build.0 = Debug|Any CPU
		{FDBEC08E-9452-4167-BE3B-30653190DE1E}.Debug|iPhoneSimulator.Deploy.0 = Debug|Any CPU
		{FDBEC08E-9452-4167-BE3B-30653190DE1E}.Debug|x64.ActiveCfg = Debug|Any CPU
		{FDBEC08E-9452-4167-BE3B-30653190DE1E}.Debug|x64.Build.0 = Debug|Any CPU
		{FDBEC08E-9452-4167-BE3B-30653190DE1E}.Debug|x64.Deploy.0 = Debug|Any CPU
		{FDBEC08E-9452-4167-BE3B-30653190DE1E}.Debug|x86.ActiveCfg = Debug|Any CPU
		{FDBEC08E-9452-4167-BE3B-30653190DE1E}.Debug|x86.Build.0 = Debug|Any CPU
		{FDBEC08E-9452-4167-BE3B-30653190DE1E}.Debug|x86.Deploy.0 = Debug|Any CPU
		{FDBEC08E-9452-4167-BE3B-30653190DE1E}.Release|Any CPU.ActiveCfg = Release|Any CPU
		{FDBEC08E-9452-4167-BE3B-30653190DE1E}.Release|Any CPU.Build.0 = Release|Any CPU
		{FDBEC08E-9452-4167-BE3B-30653190DE1E}.Release|Any CPU.Deploy.0 = Release|Any CPU
		{FDBEC08E-9452-4167-BE3B-30653190DE1E}.Release|ARM.ActiveCfg = Release|Any CPU
		{FDBEC08E-9452-4167-BE3B-30653190DE1E}.Release|ARM.Build.0 = Release|Any CPU
		{FDBEC08E-9452-4167-BE3B-30653190DE1E}.Release|ARM.Deploy.0 = Release|Any CPU
		{FDBEC08E-9452-4167-BE3B-30653190DE1E}.Release|iPhone.ActiveCfg = Release|Any CPU
		{FDBEC08E-9452-4167-BE3B-30653190DE1E}.Release|iPhone.Build.0 = Release|Any CPU
		{FDBEC08E-9452-4167-BE3B-30653190DE1E}.Release|iPhone.Deploy.0 = Release|Any CPU
		{FDBEC08E-9452-4167-BE3B-30653190DE1E}.Release|iPhoneSimulator.ActiveCfg = Release|Any CPU
		{FDBEC08E-9452-4167-BE3B-30653190DE1E}.Release|iPhoneSimulator.Build.0 = Release|Any CPU
		{FDBEC08E-9452-4167-BE3B-30653190DE1E}.Release|iPhoneSimulator.Deploy.0 = Release|Any CPU
		{FDBEC08E-9452-4167-BE3B-30653190DE1E}.Release|x64.ActiveCfg = Release|Any CPU
		{FDBEC08E-9452-4167-BE3B-30653190DE1E}.Release|x64.Build.0 = Release|Any CPU
		{FDBEC08E-9452-4167-BE3B-30653190DE1E}.Release|x64.Deploy.0 = Release|Any CPU
		{FDBEC08E-9452-4167-BE3B-30653190DE1E}.Release|x86.ActiveCfg = Release|Any CPU
		{FDBEC08E-9452-4167-BE3B-30653190DE1E}.Release|x86.Build.0 = Release|Any CPU
		{FDBEC08E-9452-4167-BE3B-30653190DE1E}.Release|x86.Deploy.0 = Release|Any CPU
		{160053B8-745A-41DB-9B33-30479729D6DC}.Ad-Hoc|Any CPU.ActiveCfg = Ad-Hoc|iPhoneSimulator
		{160053B8-745A-41DB-9B33-30479729D6DC}.Ad-Hoc|ARM.ActiveCfg = Ad-Hoc|iPhoneSimulator
		{160053B8-745A-41DB-9B33-30479729D6DC}.Ad-Hoc|iPhone.ActiveCfg = Ad-Hoc|iPhone
		{160053B8-745A-41DB-9B33-30479729D6DC}.Ad-Hoc|iPhone.Build.0 = Ad-Hoc|iPhone
		{160053B8-745A-41DB-9B33-30479729D6DC}.Ad-Hoc|iPhoneSimulator.ActiveCfg = Ad-Hoc|iPhoneSimulator
		{160053B8-745A-41DB-9B33-30479729D6DC}.Ad-Hoc|iPhoneSimulator.Build.0 = Ad-Hoc|iPhoneSimulator
		{160053B8-745A-41DB-9B33-30479729D6DC}.Ad-Hoc|x64.ActiveCfg = Ad-Hoc|iPhoneSimulator
		{160053B8-745A-41DB-9B33-30479729D6DC}.Ad-Hoc|x86.ActiveCfg = Ad-Hoc|iPhoneSimulator
		{160053B8-745A-41DB-9B33-30479729D6DC}.AppStore|Any CPU.ActiveCfg = AppStore|iPhoneSimulator
		{160053B8-745A-41DB-9B33-30479729D6DC}.AppStore|ARM.ActiveCfg = AppStore|iPhoneSimulator
		{160053B8-745A-41DB-9B33-30479729D6DC}.AppStore|iPhone.ActiveCfg = AppStore|iPhone
		{160053B8-745A-41DB-9B33-30479729D6DC}.AppStore|iPhone.Build.0 = AppStore|iPhone
		{160053B8-745A-41DB-9B33-30479729D6DC}.AppStore|iPhoneSimulator.ActiveCfg = AppStore|iPhoneSimulator
		{160053B8-745A-41DB-9B33-30479729D6DC}.AppStore|iPhoneSimulator.Build.0 = AppStore|iPhoneSimulator
		{160053B8-745A-41DB-9B33-30479729D6DC}.AppStore|x64.ActiveCfg = AppStore|iPhoneSimulator
		{160053B8-745A-41DB-9B33-30479729D6DC}.AppStore|x86.ActiveCfg = AppStore|iPhoneSimulator
		{160053B8-745A-41DB-9B33-30479729D6DC}.Debug|Any CPU.ActiveCfg = Debug|iPhoneSimulator
		{160053B8-745A-41DB-9B33-30479729D6DC}.Debug|ARM.ActiveCfg = Debug|iPhoneSimulator
		{160053B8-745A-41DB-9B33-30479729D6DC}.Debug|iPhone.ActiveCfg = Debug|iPhone
		{160053B8-745A-41DB-9B33-30479729D6DC}.Debug|iPhone.Build.0 = Debug|iPhone
		{160053B8-745A-41DB-9B33-30479729D6DC}.Debug|iPhone.Deploy.0 = Debug|iPhone
		{160053B8-745A-41DB-9B33-30479729D6DC}.Debug|iPhoneSimulator.ActiveCfg = Debug|iPhoneSimulator
		{160053B8-745A-41DB-9B33-30479729D6DC}.Debug|iPhoneSimulator.Build.0 = Debug|iPhoneSimulator
		{160053B8-745A-41DB-9B33-30479729D6DC}.Debug|x64.ActiveCfg = Debug|iPhoneSimulator
		{160053B8-745A-41DB-9B33-30479729D6DC}.Debug|x86.ActiveCfg = Debug|iPhoneSimulator
		{160053B8-745A-41DB-9B33-30479729D6DC}.Release|Any CPU.ActiveCfg = Release|iPhoneSimulator
		{160053B8-745A-41DB-9B33-30479729D6DC}.Release|ARM.ActiveCfg = Release|iPhoneSimulator
		{160053B8-745A-41DB-9B33-30479729D6DC}.Release|iPhone.ActiveCfg = Release|iPhone
		{160053B8-745A-41DB-9B33-30479729D6DC}.Release|iPhone.Build.0 = Release|iPhone
		{160053B8-745A-41DB-9B33-30479729D6DC}.Release|iPhoneSimulator.ActiveCfg = Release|iPhoneSimulator
		{160053B8-745A-41DB-9B33-30479729D6DC}.Release|iPhoneSimulator.Build.0 = Release|iPhoneSimulator
		{160053B8-745A-41DB-9B33-30479729D6DC}.Release|x64.ActiveCfg = Release|iPhoneSimulator
		{160053B8-745A-41DB-9B33-30479729D6DC}.Release|x86.ActiveCfg = Release|iPhoneSimulator
		{868A9B7B-3977-4B56-91F7-F6B75657198B}.Ad-Hoc|Any CPU.ActiveCfg = Debug|ARM
		{868A9B7B-3977-4B56-91F7-F6B75657198B}.Ad-Hoc|Any CPU.Build.0 = Debug|ARM
		{868A9B7B-3977-4B56-91F7-F6B75657198B}.Ad-Hoc|Any CPU.Deploy.0 = Debug|ARM
		{868A9B7B-3977-4B56-91F7-F6B75657198B}.Ad-Hoc|ARM.ActiveCfg = Debug|ARM
		{868A9B7B-3977-4B56-91F7-F6B75657198B}.Ad-Hoc|ARM.Build.0 = Debug|ARM
		{868A9B7B-3977-4B56-91F7-F6B75657198B}.Ad-Hoc|ARM.Deploy.0 = Debug|ARM
		{868A9B7B-3977-4B56-91F7-F6B75657198B}.Ad-Hoc|iPhone.ActiveCfg = Debug|ARM
		{868A9B7B-3977-4B56-91F7-F6B75657198B}.Ad-Hoc|iPhone.Build.0 = Debug|ARM
		{868A9B7B-3977-4B56-91F7-F6B75657198B}.Ad-Hoc|iPhone.Deploy.0 = Debug|ARM
		{868A9B7B-3977-4B56-91F7-F6B75657198B}.Ad-Hoc|iPhoneSimulator.ActiveCfg = Debug|ARM
		{868A9B7B-3977-4B56-91F7-F6B75657198B}.Ad-Hoc|iPhoneSimulator.Build.0 = Debug|ARM
		{868A9B7B-3977-4B56-91F7-F6B75657198B}.Ad-Hoc|iPhoneSimulator.Deploy.0 = Debug|ARM
		{868A9B7B-3977-4B56-91F7-F6B75657198B}.Ad-Hoc|x64.ActiveCfg = Debug|x64
		{868A9B7B-3977-4B56-91F7-F6B75657198B}.Ad-Hoc|x64.Build.0 = Debug|x64
		{868A9B7B-3977-4B56-91F7-F6B75657198B}.Ad-Hoc|x64.Deploy.0 = Debug|x64
		{868A9B7B-3977-4B56-91F7-F6B75657198B}.Ad-Hoc|x86.ActiveCfg = Debug|x86
		{868A9B7B-3977-4B56-91F7-F6B75657198B}.Ad-Hoc|x86.Build.0 = Debug|x86
		{868A9B7B-3977-4B56-91F7-F6B75657198B}.Ad-Hoc|x86.Deploy.0 = Debug|x86
		{868A9B7B-3977-4B56-91F7-F6B75657198B}.AppStore|Any CPU.ActiveCfg = Debug|ARM
		{868A9B7B-3977-4B56-91F7-F6B75657198B}.AppStore|Any CPU.Build.0 = Debug|ARM
		{868A9B7B-3977-4B56-91F7-F6B75657198B}.AppStore|Any CPU.Deploy.0 = Debug|ARM
		{868A9B7B-3977-4B56-91F7-F6B75657198B}.AppStore|ARM.ActiveCfg = Debug|ARM
		{868A9B7B-3977-4B56-91F7-F6B75657198B}.AppStore|ARM.Build.0 = Debug|ARM
		{868A9B7B-3977-4B56-91F7-F6B75657198B}.AppStore|ARM.Deploy.0 = Debug|ARM
		{868A9B7B-3977-4B56-91F7-F6B75657198B}.AppStore|iPhone.ActiveCfg = Debug|ARM
		{868A9B7B-3977-4B56-91F7-F6B75657198B}.AppStore|iPhone.Build.0 = Debug|ARM
		{868A9B7B-3977-4B56-91F7-F6B75657198B}.AppStore|iPhone.Deploy.0 = Debug|ARM
		{868A9B7B-3977-4B56-91F7-F6B75657198B}.AppStore|iPhoneSimulator.ActiveCfg = Debug|ARM
		{868A9B7B-3977-4B56-91F7-F6B75657198B}.AppStore|iPhoneSimulator.Build.0 = Debug|ARM
		{868A9B7B-3977-4B56-91F7-F6B75657198B}.AppStore|iPhoneSimulator.Deploy.0 = Debug|ARM
		{868A9B7B-3977-4B56-91F7-F6B75657198B}.AppStore|x64.ActiveCfg = Debug|x64
		{868A9B7B-3977-4B56-91F7-F6B75657198B}.AppStore|x64.Build.0 = Debug|x64
		{868A9B7B-3977-4B56-91F7-F6B75657198B}.AppStore|x64.Deploy.0 = Debug|x64
		{868A9B7B-3977-4B56-91F7-F6B75657198B}.AppStore|x86.ActiveCfg = Debug|x86
		{868A9B7B-3977-4B56-91F7-F6B75657198B}.AppStore|x86.Build.0 = Debug|x86
		{868A9B7B-3977-4B56-91F7-F6B75657198B}.AppStore|x86.Deploy.0 = Debug|x86
		{868A9B7B-3977-4B56-91F7-F6B75657198B}.Debug|Any CPU.ActiveCfg = Debug|x86
		{868A9B7B-3977-4B56-91F7-F6B75657198B}.Debug|ARM.ActiveCfg = Debug|ARM
		{868A9B7B-3977-4B56-91F7-F6B75657198B}.Debug|ARM.Build.0 = Debug|ARM
		{868A9B7B-3977-4B56-91F7-F6B75657198B}.Debug|ARM.Deploy.0 = Debug|ARM
		{868A9B7B-3977-4B56-91F7-F6B75657198B}.Debug|iPhone.ActiveCfg = Debug|x86
		{868A9B7B-3977-4B56-91F7-F6B75657198B}.Debug|iPhoneSimulator.ActiveCfg = Debug|x86
		{868A9B7B-3977-4B56-91F7-F6B75657198B}.Debug|x64.ActiveCfg = Debug|x64
		{868A9B7B-3977-4B56-91F7-F6B75657198B}.Debug|x64.Build.0 = Debug|x64
		{868A9B7B-3977-4B56-91F7-F6B75657198B}.Debug|x64.Deploy.0 = Debug|x64
		{868A9B7B-3977-4B56-91F7-F6B75657198B}.Debug|x86.ActiveCfg = Debug|x86
		{868A9B7B-3977-4B56-91F7-F6B75657198B}.Debug|x86.Build.0 = Debug|x86
		{868A9B7B-3977-4B56-91F7-F6B75657198B}.Debug|x86.Deploy.0 = Debug|x86
		{868A9B7B-3977-4B56-91F7-F6B75657198B}.Release|Any CPU.ActiveCfg = Release|x86
		{868A9B7B-3977-4B56-91F7-F6B75657198B}.Release|ARM.ActiveCfg = Release|ARM
		{868A9B7B-3977-4B56-91F7-F6B75657198B}.Release|ARM.Build.0 = Release|ARM
		{868A9B7B-3977-4B56-91F7-F6B75657198B}.Release|ARM.Deploy.0 = Release|ARM
		{868A9B7B-3977-4B56-91F7-F6B75657198B}.Release|iPhone.ActiveCfg = Release|x86
		{868A9B7B-3977-4B56-91F7-F6B75657198B}.Release|iPhoneSimulator.ActiveCfg = Release|x86
		{868A9B7B-3977-4B56-91F7-F6B75657198B}.Release|x64.ActiveCfg = Release|x64
		{868A9B7B-3977-4B56-91F7-F6B75657198B}.Release|x64.Build.0 = Release|x64
		{868A9B7B-3977-4B56-91F7-F6B75657198B}.Release|x64.Deploy.0 = Release|x64
		{868A9B7B-3977-4B56-91F7-F6B75657198B}.Release|x86.ActiveCfg = Release|x86
		{868A9B7B-3977-4B56-91F7-F6B75657198B}.Release|x86.Build.0 = Release|x86
		{868A9B7B-3977-4B56-91F7-F6B75657198B}.Release|x86.Deploy.0 = Release|x86
		{8C5D9AAB-B9D6-40CD-BAD4-15E4039149E5}.Ad-Hoc|Any CPU.ActiveCfg = Debug|Any CPU
		{8C5D9AAB-B9D6-40CD-BAD4-15E4039149E5}.Ad-Hoc|Any CPU.Build.0 = Debug|Any CPU
		{8C5D9AAB-B9D6-40CD-BAD4-15E4039149E5}.Ad-Hoc|ARM.ActiveCfg = Debug|Any CPU
		{8C5D9AAB-B9D6-40CD-BAD4-15E4039149E5}.Ad-Hoc|ARM.Build.0 = Debug|Any CPU
		{8C5D9AAB-B9D6-40CD-BAD4-15E4039149E5}.Ad-Hoc|iPhone.ActiveCfg = Debug|Any CPU
		{8C5D9AAB-B9D6-40CD-BAD4-15E4039149E5}.Ad-Hoc|iPhone.Build.0 = Debug|Any CPU
		{8C5D9AAB-B9D6-40CD-BAD4-15E4039149E5}.Ad-Hoc|iPhoneSimulator.ActiveCfg = Debug|Any CPU
		{8C5D9AAB-B9D6-40CD-BAD4-15E4039149E5}.Ad-Hoc|iPhoneSimulator.Build.0 = Debug|Any CPU
		{8C5D9AAB-B9D6-40CD-BAD4-15E4039149E5}.Ad-Hoc|x64.ActiveCfg = Debug|Any CPU
		{8C5D9AAB-B9D6-40CD-BAD4-15E4039149E5}.Ad-Hoc|x64.Build.0 = Debug|Any CPU
		{8C5D9AAB-B9D6-40CD-BAD4-15E4039149E5}.Ad-Hoc|x86.ActiveCfg = Debug|Any CPU
		{8C5D9AAB-B9D6-40CD-BAD4-15E4039149E5}.Ad-Hoc|x86.Build.0 = Debug|Any CPU
		{8C5D9AAB-B9D6-40CD-BAD4-15E4039149E5}.AppStore|Any CPU.ActiveCfg = Debug|Any CPU
		{8C5D9AAB-B9D6-40CD-BAD4-15E4039149E5}.AppStore|Any CPU.Build.0 = Debug|Any CPU
		{8C5D9AAB-B9D6-40CD-BAD4-15E4039149E5}.AppStore|ARM.ActiveCfg = Debug|Any CPU
		{8C5D9AAB-B9D6-40CD-BAD4-15E4039149E5}.AppStore|ARM.Build.0 = Debug|Any CPU
		{8C5D9AAB-B9D6-40CD-BAD4-15E4039149E5}.AppStore|iPhone.ActiveCfg = Debug|Any CPU
		{8C5D9AAB-B9D6-40CD-BAD4-15E4039149E5}.AppStore|iPhone.Build.0 = Debug|Any CPU
		{8C5D9AAB-B9D6-40CD-BAD4-15E4039149E5}.AppStore|iPhoneSimulator.ActiveCfg = Debug|Any CPU
		{8C5D9AAB-B9D6-40CD-BAD4-15E4039149E5}.AppStore|iPhoneSimulator.Build.0 = Debug|Any CPU
		{8C5D9AAB-B9D6-40CD-BAD4-15E4039149E5}.AppStore|x64.ActiveCfg = Debug|Any CPU
		{8C5D9AAB-B9D6-40CD-BAD4-15E4039149E5}.AppStore|x64.Build.0 = Debug|Any CPU
		{8C5D9AAB-B9D6-40CD-BAD4-15E4039149E5}.AppStore|x86.ActiveCfg = Debug|Any CPU
		{8C5D9AAB-B9D6-40CD-BAD4-15E4039149E5}.AppStore|x86.Build.0 = Debug|Any CPU
		{8C5D9AAB-B9D6-40CD-BAD4-15E4039149E5}.Debug|Any CPU.ActiveCfg = Debug|Any CPU
		{8C5D9AAB-B9D6-40CD-BAD4-15E4039149E5}.Debug|Any CPU.Build.0 = Debug|Any CPU
		{8C5D9AAB-B9D6-40CD-BAD4-15E4039149E5}.Debug|ARM.ActiveCfg = Debug|Any CPU
		{8C5D9AAB-B9D6-40CD-BAD4-15E4039149E5}.Debug|ARM.Build.0 = Debug|Any CPU
		{8C5D9AAB-B9D6-40CD-BAD4-15E4039149E5}.Debug|iPhone.ActiveCfg = Debug|Any CPU
		{8C5D9AAB-B9D6-40CD-BAD4-15E4039149E5}.Debug|iPhone.Build.0 = Debug|Any CPU
		{8C5D9AAB-B9D6-40CD-BAD4-15E4039149E5}.Debug|iPhoneSimulator.ActiveCfg = Debug|Any CPU
		{8C5D9AAB-B9D6-40CD-BAD4-15E4039149E5}.Debug|iPhoneSimulator.Build.0 = Debug|Any CPU
		{8C5D9AAB-B9D6-40CD-BAD4-15E4039149E5}.Debug|x64.ActiveCfg = Debug|Any CPU
		{8C5D9AAB-B9D6-40CD-BAD4-15E4039149E5}.Debug|x64.Build.0 = Debug|Any CPU
		{8C5D9AAB-B9D6-40CD-BAD4-15E4039149E5}.Debug|x86.ActiveCfg = Debug|Any CPU
		{8C5D9AAB-B9D6-40CD-BAD4-15E4039149E5}.Debug|x86.Build.0 = Debug|Any CPU
		{8C5D9AAB-B9D6-40CD-BAD4-15E4039149E5}.Release|Any CPU.ActiveCfg = Release|Any CPU
		{8C5D9AAB-B9D6-40CD-BAD4-15E4039149E5}.Release|Any CPU.Build.0 = Release|Any CPU
		{8C5D9AAB-B9D6-40CD-BAD4-15E4039149E5}.Release|ARM.ActiveCfg = Release|Any CPU
		{8C5D9AAB-B9D6-40CD-BAD4-15E4039149E5}.Release|ARM.Build.0 = Release|Any CPU
		{8C5D9AAB-B9D6-40CD-BAD4-15E4039149E5}.Release|iPhone.ActiveCfg = Release|Any CPU
		{8C5D9AAB-B9D6-40CD-BAD4-15E4039149E5}.Release|iPhone.Build.0 = Release|Any CPU
		{8C5D9AAB-B9D6-40CD-BAD4-15E4039149E5}.Release|iPhoneSimulator.ActiveCfg = Release|Any CPU
		{8C5D9AAB-B9D6-40CD-BAD4-15E4039149E5}.Release|iPhoneSimulator.Build.0 = Release|Any CPU
		{8C5D9AAB-B9D6-40CD-BAD4-15E4039149E5}.Release|x64.ActiveCfg = Release|Any CPU
		{8C5D9AAB-B9D6-40CD-BAD4-15E4039149E5}.Release|x64.Build.0 = Release|Any CPU
		{8C5D9AAB-B9D6-40CD-BAD4-15E4039149E5}.Release|x86.ActiveCfg = Release|Any CPU
		{8C5D9AAB-B9D6-40CD-BAD4-15E4039149E5}.Release|x86.Build.0 = Release|Any CPU
	EndGlobalSection
	GlobalSection(SolutionProperties) = preSolution
		HideSolutionNode = FALSE
	EndGlobalSection
	GlobalSection(ExtensibilityGlobals) = postSolution
		SolutionGuid = {2547467A-5F79-4775-AF38-10D980CD1D21}
	EndGlobalSection
EndGlobal
